
Microsoft Visual Studio Solution File, Format Version 12.00
# Visual Studio Version 17
VisualStudioVersion = 17.11.35312.102
MinimumVisualStudioVersion = 10.0.40219.1
Project("{FAE04EC0-301F-11D3-BF4B-00C04F79EFBC}") = "Ejerc05", "Ejerc05\Ejerc05.csproj", "{CB05326F-E772-493A-8960-9D6FD3B58B75}"
EndProject
Global
	GlobalSection(SolutionConfigurationPlatforms) = preSolution
		Debug|Any CPU = Debug|Any CPU
		Release|Any CPU = Release|Any CPU
	EndGlobalSection
	GlobalSection(ProjectConfigurationPlatforms) = postSolution
		{CB05326F-E772-493A-8960-9D6FD3B58B75}.Debug|Any CPU.ActiveCfg = Debug|Any CPU
		{CB05326F-E772-493A-8960-9D6FD3B58B75}.Debug|Any CPU.Build.0 = Debug|Any CPU
		{CB05326F-E772-493A-8960-9D6FD3B58B75}.Release|Any CPU.ActiveCfg = Release|Any CPU
		{CB05326F-E772-493A-8960-9D6FD3B58B75}.Release|Any CPU.Build.0 = Release|Any CPU
	EndGlobalSection
	GlobalSection(SolutionProperties) = preSolution
		HideSolutionNode = FALSE
	EndGlobalSection
	GlobalSection(ExtensibilityGlobals) = postSolution
		SolutionGuid = {AC97F400-2A5C-498E-80BC-28DF1829DBF0}
	EndGlobalSection
EndGlobal
